
Microsoft Visual Studio Solution File, Format Version 12.00
# Visual Studio Version 17
VisualStudioVersion = 17.9.34723.18
MinimumVisualStudioVersion = 10.0.40219.1
Project("{9A19103F-16F7-4668-BE54-9A1E7A4F7556}") = "Collaborative.Agenda.API", "Collaborative.Agenda.API\Collaborative.Agenda.API.csproj", "{A181CE51-D017-484B-BE6C-3A823D9BF09F}"
EndProject
Project("{9A19103F-16F7-4668-BE54-9A1E7A4F7556}") = "Collaborative.Agenda.Domain", "Collaborative.Agenda.Domain\Collaborative.Agenda.Domain.csproj", "{C96695B1-94B3-4B2E-BDDB-F17D6C4BEA4D}"
EndProject
Global
	GlobalSection(SolutionConfigurationPlatforms) = preSolution
		Debug|Any CPU = Debug|Any CPU
		Release|Any CPU = Release|Any CPU
	EndGlobalSection
	GlobalSection(ProjectConfigurationPlatforms) = postSolution
		{A181CE51-D017-484B-BE6C-3A823D9BF09F}.Debug|Any CPU.ActiveCfg = Debug|Any CPU
		{A181CE51-D017-484B-BE6C-3A823D9BF09F}.Debug|Any CPU.Build.0 = Debug|Any CPU
		{A181CE51-D017-484B-BE6C-3A823D9BF09F}.Release|Any CPU.ActiveCfg = Release|Any CPU
		{A181CE51-D017-484B-BE6C-3A823D9BF09F}.Release|Any CPU.Build.0 = Release|Any CPU
		{C96695B1-94B3-4B2E-BDDB-F17D6C4BEA4D}.Debug|Any CPU.ActiveCfg = Debug|Any CPU
		{C96695B1-94B3-4B2E-BDDB-F17D6C4BEA4D}.Debug|Any CPU.Build.0 = Debug|Any CPU
		{C96695B1-94B3-4B2E-BDDB-F17D6C4BEA4D}.Release|Any CPU.ActiveCfg = Release|Any CPU
		{C96695B1-94B3-4B2E-BDDB-F17D6C4BEA4D}.Release|Any CPU.Build.0 = Release|Any CPU
	EndGlobalSection
	GlobalSection(SolutionProperties) = preSolution
		HideSolutionNode = FALSE
	EndGlobalSection
	GlobalSection(ExtensibilityGlobals) = postSolution
		SolutionGuid = {22FE41F6-7AC4-43C7-A002-303A0462C377}
	EndGlobalSection
EndGlobal
